
Microsoft Visual Studio Solution File, Format Version 12.00
# Visual Studio Version 17
VisualStudioVersion = 17.9.34728.123
MinimumVisualStudioVersion = 10.0.40219.1
Project("{2150E333-8FDC-42A3-9474-1A3956D46DE8}") = "API", "API", "{2C47CCBA-7C2F-4E7D-89DB-15CF130851B7}"
EndProject
Project("{2150E333-8FDC-42A3-9474-1A3956D46DE8}") = "BlazorWeb", "BlazorWeb", "{52A6345A-BFC8-4A23-80D2-06D53C2D32BF}"
EndProject
Project("{2150E333-8FDC-42A3-9474-1A3956D46DE8}") = "MauiApp", "MauiApp", "{1FB497AC-2640-4895-8A41-65E85774A633}"
EndProject
Project("{2150E333-8FDC-42A3-9474-1A3956D46DE8}") = "Models", "Models", "{42877C93-3B35-4470-814C-1CE3675C7FB2}"
EndProject
Project("{9A19103F-16F7-4668-BE54-9A1E7A4F7556}") = "BackendModels", "BackendModels\BackendModels.csproj", "{9A883EE9-92AF-45FA-A597-BA5A96ADD311}"
EndProject
Project("{9A19103F-16F7-4668-BE54-9A1E7A4F7556}") = "DbModels", "DbModels\DbModels.csproj", "{1090C00F-D387-41BD-82D1-29D17C05E3A7}"
EndProject
Project("{9A19103F-16F7-4668-BE54-9A1E7A4F7556}") = "FrontendModels", "FrontendModels\FrontendModels.csproj", "{8E7E08F0-2F60-4C7F-AA4E-2543422D4284}"
EndProject
Project("{9A19103F-16F7-4668-BE54-9A1E7A4F7556}") = "ApiDBlayer", "ApiDBlayer\ApiDBlayer.csproj", "{909CFC54-6707-4F1E-BF9A-925EE7841C52}"
EndProject
Project("{9A19103F-16F7-4668-BE54-9A1E7A4F7556}") = "WebApi", "WebApi\WebApi.csproj", "{44F5C354-9D7C-4A41-B4EC-A9A83F602713}"
EndProject
Project("{9A19103F-16F7-4668-BE54-9A1E7A4F7556}") = "ApiRepository", "ApiRepository\ApiRepository.csproj", "{8EE30DC5-81BE-4FA1-BB25-31B6554B740D}"
EndProject
Project("{9A19103F-16F7-4668-BE54-9A1E7A4F7556}") = "BlazorWebsite", "BlazorWebsite\BlazorWebsite.csproj", "{4DDD97E3-97EF-4FA6-8597-C41B497A31CD}"
EndProject
Project("{9A19103F-16F7-4668-BE54-9A1E7A4F7556}") = "BlazorRepository", "BlazorRepository\BlazorRepository.csproj", "{0A0F03FF-7C28-4EBE-9F8E-2D1471DD24EC}"
EndProject
Project("{9A19103F-16F7-4668-BE54-9A1E7A4F7556}") = "BlazorDBAccess", "BlazorDBAccess\BlazorDBAccess.csproj", "{EBDCA473-22D3-42AA-973C-FFE4E400E769}"
EndProject
Project("{9A19103F-16F7-4668-BE54-9A1E7A4F7556}") = "MauiDBlayer", "MauiDBlayer\MauiDBlayer.csproj", "{74E94CE7-2E42-45D3-89BA-C677903A1305}"
EndProject
Project("{9A19103F-16F7-4668-BE54-9A1E7A4F7556}") = "MauiRepository", "MauiRepository\MauiRepository.csproj", "{36D01D21-4CEE-412D-9B7B-BDF5AAA463B4}"
EndProject
Project("{FAE04EC0-301F-11D3-BF4B-00C04F79EFBC}") = "MauiApp1", "MauiApp1\MauiApp1.csproj", "{5BF2CF4D-0E7B-48E3-809A-D10014FE867C}"
EndProject
Global
	GlobalSection(SolutionConfigurationPlatforms) = preSolution
		Debug|Any CPU = Debug|Any CPU
		Release|Any CPU = Release|Any CPU
	EndGlobalSection
	GlobalSection(ProjectConfigurationPlatforms) = postSolution
		{9A883EE9-92AF-45FA-A597-BA5A96ADD311}.Debug|Any CPU.ActiveCfg = Debug|Any CPU
		{9A883EE9-92AF-45FA-A597-BA5A96ADD311}.Debug|Any CPU.Build.0 = Debug|Any CPU
		{9A883EE9-92AF-45FA-A597-BA5A96ADD311}.Release|Any CPU.ActiveCfg = Release|Any CPU
		{9A883EE9-92AF-45FA-A597-BA5A96ADD311}.Release|Any CPU.Build.0 = Release|Any CPU
		{1090C00F-D387-41BD-82D1-29D17C05E3A7}.Debug|Any CPU.ActiveCfg = Debug|Any CPU
		{1090C00F-D387-41BD-82D1-29D17C05E3A7}.Debug|Any CPU.Build.0 = Debug|Any CPU
		{1090C00F-D387-41BD-82D1-29D17C05E3A7}.Release|Any CPU.ActiveCfg = Release|Any CPU
		{1090C00F-D387-41BD-82D1-29D17C05E3A7}.Release|Any CPU.Build.0 = Release|Any CPU
		{8E7E08F0-2F60-4C7F-AA4E-2543422D4284}.Debug|Any CPU.ActiveCfg = Debug|Any CPU
		{8E7E08F0-2F60-4C7F-AA4E-2543422D4284}.Debug|Any CPU.Build.0 = Debug|Any CPU
		{8E7E08F0-2F60-4C7F-AA4E-2543422D4284}.Release|Any CPU.ActiveCfg = Release|Any CPU
		{8E7E08F0-2F60-4C7F-AA4E-2543422D4284}.Release|Any CPU.Build.0 = Release|Any CPU
		{909CFC54-6707-4F1E-BF9A-925EE7841C52}.Debug|Any CPU.ActiveCfg = Debug|Any CPU
		{909CFC54-6707-4F1E-BF9A-925EE7841C52}.Debug|Any CPU.Build.0 = Debug|Any CPU
		{909CFC54-6707-4F1E-BF9A-925EE7841C52}.Release|Any CPU.ActiveCfg = Release|Any CPU
		{909CFC54-6707-4F1E-BF9A-925EE7841C52}.Release|Any CPU.Build.0 = Release|Any CPU
		{44F5C354-9D7C-4A41-B4EC-A9A83F602713}.Debug|Any CPU.ActiveCfg = Debug|Any CPU
		{44F5C354-9D7C-4A41-B4EC-A9A83F602713}.Debug|Any CPU.Build.0 = Debug|Any CPU
		{44F5C354-9D7C-4A41-B4EC-A9A83F602713}.Release|Any CPU.ActiveCfg = Release|Any CPU
		{44F5C354-9D7C-4A41-B4EC-A9A83F602713}.Release|Any CPU.Build.0 = Release|Any CPU
		{8EE30DC5-81BE-4FA1-BB25-31B6554B740D}.Debug|Any CPU.ActiveCfg = Debug|Any CPU
		{8EE30DC5-81BE-4FA1-BB25-31B6554B740D}.Debug|Any CPU.Build.0 = Debug|Any CPU
		{8EE30DC5-81BE-4FA1-BB25-31B6554B740D}.Release|Any CPU.ActiveCfg = Release|Any CPU
		{8EE30DC5-81BE-4FA1-BB25-31B6554B740D}.Release|Any CPU.Build.0 = Release|Any CPU
		{4DDD97E3-97EF-4FA6-8597-C41B497A31CD}.Debug|Any CPU.ActiveCfg = Debug|Any CPU
		{4DDD97E3-97EF-4FA6-8597-C41B497A31CD}.Debug|Any CPU.Build.0 = Debug|Any CPU
		{4DDD97E3-97EF-4FA6-8597-C41B497A31CD}.Release|Any CPU.ActiveCfg = Release|Any CPU
		{4DDD97E3-97EF-4FA6-8597-C41B497A31CD}.Release|Any CPU.Build.0 = Release|Any CPU
		{0A0F03FF-7C28-4EBE-9F8E-2D1471DD24EC}.Debug|Any CPU.ActiveCfg = Debug|Any CPU
		{0A0F03FF-7C28-4EBE-9F8E-2D1471DD24EC}.Debug|Any CPU.Build.0 = Debug|Any CPU
		{0A0F03FF-7C28-4EBE-9F8E-2D1471DD24EC}.Release|Any CPU.ActiveCfg = Release|Any CPU
		{0A0F03FF-7C28-4EBE-9F8E-2D1471DD24EC}.Release|Any CPU.Build.0 = Release|Any CPU
		{EBDCA473-22D3-42AA-973C-FFE4E400E769}.Debug|Any CPU.ActiveCfg = Debug|Any CPU
		{EBDCA473-22D3-42AA-973C-FFE4E400E769}.Debug|Any CPU.Build.0 = Debug|Any CPU
		{EBDCA473-22D3-42AA-973C-FFE4E400E769}.Release|Any CPU.ActiveCfg = Release|Any CPU
		{EBDCA473-22D3-42AA-973C-FFE4E400E769}.Release|Any CPU.Build.0 = Release|Any CPU
		{74E94CE7-2E42-45D3-89BA-C677903A1305}.Debug|Any CPU.ActiveCfg = Debug|Any CPU
		{74E94CE7-2E42-45D3-89BA-C677903A1305}.Debug|Any CPU.Build.0 = Debug|Any CPU
		{74E94CE7-2E42-45D3-89BA-C677903A1305}.Release|Any CPU.ActiveCfg = Release|Any CPU
		{74E94CE7-2E42-45D3-89BA-C677903A1305}.Release|Any CPU.Build.0 = Release|Any CPU
		{36D01D21-4CEE-412D-9B7B-BDF5AAA463B4}.Debug|Any CPU.ActiveCfg = Debug|Any CPU
		{36D01D21-4CEE-412D-9B7B-BDF5AAA463B4}.Debug|Any CPU.Build.0 = Debug|Any CPU
		{36D01D21-4CEE-412D-9B7B-BDF5AAA463B4}.Release|Any CPU.ActiveCfg = Release|Any CPU
		{36D01D21-4CEE-412D-9B7B-BDF5AAA463B4}.Release|Any CPU.Build.0 = Release|Any CPU
		{5BF2CF4D-0E7B-48E3-809A-D10014FE867C}.Debug|Any CPU.ActiveCfg = Debug|Any CPU
		{5BF2CF4D-0E7B-48E3-809A-D10014FE867C}.Debug|Any CPU.Build.0 = Debug|Any CPU
		{5BF2CF4D-0E7B-48E3-809A-D10014FE867C}.Debug|Any CPU.Deploy.0 = Debug|Any CPU
		{5BF2CF4D-0E7B-48E3-809A-D10014FE867C}.Release|Any CPU.ActiveCfg = Release|Any CPU
		{5BF2CF4D-0E7B-48E3-809A-D10014FE867C}.Release|Any CPU.Build.0 = Release|Any CPU
		{5BF2CF4D-0E7B-48E3-809A-D10014FE867C}.Release|Any CPU.Deploy.0 = Release|Any CPU
	EndGlobalSection
	GlobalSection(SolutionProperties) = preSolution
		HideSolutionNode = FALSE
	EndGlobalSection
	GlobalSection(NestedProjects) = preSolution
		{9A883EE9-92AF-45FA-A597-BA5A96ADD311} = {42877C93-3B35-4470-814C-1CE3675C7FB2}
		{1090C00F-D387-41BD-82D1-29D17C05E3A7} = {42877C93-3B35-4470-814C-1CE3675C7FB2}
		{8E7E08F0-2F60-4C7F-AA4E-2543422D4284} = {42877C93-3B35-4470-814C-1CE3675C7FB2}
		{909CFC54-6707-4F1E-BF9A-925EE7841C52} = {2C47CCBA-7C2F-4E7D-89DB-15CF130851B7}
		{44F5C354-9D7C-4A41-B4EC-A9A83F602713} = {2C47CCBA-7C2F-4E7D-89DB-15CF130851B7}
		{8EE30DC5-81BE-4FA1-BB25-31B6554B740D} = {2C47CCBA-7C2F-4E7D-89DB-15CF130851B7}
		{4DDD97E3-97EF-4FA6-8597-C41B497A31CD} = {52A6345A-BFC8-4A23-80D2-06D53C2D32BF}
		{0A0F03FF-7C28-4EBE-9F8E-2D1471DD24EC} = {52A6345A-BFC8-4A23-80D2-06D53C2D32BF}
		{EBDCA473-22D3-42AA-973C-FFE4E400E769} = {52A6345A-BFC8-4A23-80D2-06D53C2D32BF}
		{74E94CE7-2E42-45D3-89BA-C677903A1305} = {1FB497AC-2640-4895-8A41-65E85774A633}
		{36D01D21-4CEE-412D-9B7B-BDF5AAA463B4} = {1FB497AC-2640-4895-8A41-65E85774A633}
		{5BF2CF4D-0E7B-48E3-809A-D10014FE867C} = {1FB497AC-2640-4895-8A41-65E85774A633}
	EndGlobalSection
	GlobalSection(ExtensibilityGlobals) = postSolution
		SolutionGuid = {7E87FA5C-9975-4428-BDE7-740F57E882C5}
	EndGlobalSection
EndGlobal
